
Microsoft Visual Studio Solution File, Format Version 12.00
# Visual Studio Version 17
VisualStudioVersion = 17.6.33712.159
MinimumVisualStudioVersion = 10.0.40219.1
Project("{FAE04EC0-301F-11D3-BF4B-00C04F79EFBC}") = "Ripka", "Ripka.csproj", "{99AFE924-6538-41DC-860C-042C054AB651}"
EndProject
Global
	GlobalSection(SolutionConfigurationPlatforms) = preSolution
		Debug|Any CPU = Debug|Any CPU
		Release|Any CPU = Release|Any CPU
	EndGlobalSection
	GlobalSection(ProjectConfigurationPlatforms) = postSolution
		{99AFE924-6538-41DC-860C-042C054AB651}.Debug|Any CPU.ActiveCfg = Debug|Any CPU
		{99AFE924-6538-41DC-860C-042C054AB651}.Debug|Any CPU.Build.0 = Debug|Any CPU
		{99AFE924-6538-41DC-860C-042C054AB651}.Release|Any CPU.ActiveCfg = Release|Any CPU
		{99AFE924-6538-41DC-860C-042C054AB651}.Release|Any CPU.Build.0 = Release|Any CPU
	EndGlobalSection
	GlobalSection(SolutionProperties) = preSolution
		HideSolutionNode = FALSE
	EndGlobalSection
	GlobalSection(ExtensibilityGlobals) = postSolution
		SolutionGuid = {217C817E-5139-49BF-87AE-2849C395D313}
	EndGlobalSection
EndGlobal
